// !$*UTF8*$!
{
	archiveVersion = 1;
	classes = {
	};
	objectVersion = 46;
	objects = {

/* Begin PBXBuildFile section */
		0479D9691ED5380B00C517A6 /* UIViewController+SMKControllerExtension.m in Sources */ = {isa = PBXBuildFile; fileRef = 0479D9681ED5380B00C517A6 /* UIViewController+SMKControllerExtension.m */; };
		04BC9ADC1ED43007000A059A /* main.m in Sources */ = {isa = PBXBuildFile; fileRef = 04BC9ADB1ED43007000A059A /* main.m */; };
		04BC9ADF1ED43007000A059A /* AppDelegate.m in Sources */ = {isa = PBXBuildFile; fileRef = 04BC9ADE1ED43007000A059A /* AppDelegate.m */; };
		04BC9AE21ED43007000A059A /* ViewController.m in Sources */ = {isa = PBXBuildFile; fileRef = 04BC9AE11ED43007000A059A /* ViewController.m */; };
		04BC9AE51ED43007000A059A /* Main.storyboard in Resources */ = {isa = PBXBuildFile; fileRef = 04BC9AE31ED43007000A059A /* Main.storyboard */; };
		04BC9AE71ED43008000A059A /* Assets.xcassets in Resources */ = {isa = PBXBuildFile; fileRef = 04BC9AE61ED43008000A059A /* Assets.xcassets */; };
		04BC9AEA1ED43008000A059A /* LaunchScreen.storyboard in Resources */ = {isa = PBXBuildFile; fileRef = 04BC9AE81ED43008000A059A /* LaunchScreen.storyboard */; };
		04BC9AF51ED43067000A059A /* TestVC1.m in Sources */ = {isa = PBXBuildFile; fileRef = 04BC9AF31ED43067000A059A /* TestVC1.m */; };
		04BC9AF61ED43067000A059A /* TestVC1.xib in Resources */ = {isa = PBXBuildFile; fileRef = 04BC9AF41ED43067000A059A /* TestVC1.xib */; };
		04BC9AFA1ED43079000A059A /* TestVC2.m in Sources */ = {isa = PBXBuildFile; fileRef = 04BC9AF81ED43079000A059A /* TestVC2.m */; };
		04BC9AFB1ED43079000A059A /* TestVC2.xib in Resources */ = {isa = PBXBuildFile; fileRef = 04BC9AF91ED43079000A059A /* TestVC2.xib */; };
		04BC9B071ED458E7000A059A /* SMKCManger.m in Sources */ = {isa = PBXBuildFile; fileRef = 04BC9B041ED458E7000A059A /* SMKCManger.m */; };
/* End PBXBuildFile section */

/* Begin PBXFileReference section */
		0479D9671ED5380B00C517A6 /* UIViewController+SMKControllerExtension.h */ = {isa = PBXFileReference; fileEncoding = 4; lastKnownFileType = sourcecode.c.h; path = "UIViewController+SMKControllerExtension.h"; sourceTree = "<group>"; };
		0479D9681ED5380B00C517A6 /* UIViewController+SMKControllerExtension.m */ = {isa = PBXFileReference; fileEncoding = 4; lastKnownFileType = sourcecode.c.objc; path = "UIViewController+SMKControllerExtension.m"; sourceTree = "<group>"; };
		04BC9AD71ED43007000A059A /* SMKMVVMKitDemo.app */ = {isa = PBXFileReference; explicitFileType = wrapper.application; includeInIndex = 0; path = SMKMVVMKitDemo.app; sourceTree = BUILT_PRODUCTS_DIR; };
		04BC9ADB1ED43007000A059A /* main.m */ = {isa = PBXFileReference; lastKnownFileType = sourcecode.c.objc; path = main.m; sourceTree = "<group>"; };
		04BC9ADD1ED43007000A059A /* AppDelegate.h */ = {isa = PBXFileReference; lastKnownFileType = sourcecode.c.h; path = AppDelegate.h; sourceTree = "<group>"; };
		04BC9ADE1ED43007000A059A /* AppDelegate.m */ = {isa = PBXFileReference; lastKnownFileType = sourcecode.c.objc; path = AppDelegate.m; sourceTree = "<group>"; };
		04BC9AE01ED43007000A059A /* ViewController.h */ = {isa = PBXFileReference; lastKnownFileType = sourcecode.c.h; path = ViewController.h; sourceTree = "<group>"; };
		04BC9AE11ED43007000A059A /* ViewController.m */ = {isa = PBXFileReference; lastKnownFileType = sourcecode.c.objc; path = ViewController.m; sourceTree = "<group>"; };
		04BC9AE41ED43007000A059A /* Base */ = {isa = PBXFileReference; lastKnownFileType = file.storyboard; name = Base; path = Base.lproj/Main.storyboard; sourceTree = "<group>"; };
		04BC9AE61ED43008000A059A /* Assets.xcassets */ = {isa = PBXFileReference; lastKnownFileType = folder.assetcatalog; path = Assets.xcassets; sourceTree = "<group>"; };
		04BC9AE91ED43008000A059A /* Base */ = {isa = PBXFileReference; lastKnownFileType = file.storyboard; name = Base; path = Base.lproj/LaunchScreen.storyboard; sourceTree = "<group>"; };
		04BC9AEB1ED43008000A059A /* Info.plist */ = {isa = PBXFileReference; lastKnownFileType = text.plist.xml; path = Info.plist; sourceTree = "<group>"; };
		04BC9AF21ED43067000A059A /* TestVC1.h */ = {isa = PBXFileReference; fileEncoding = 4; lastKnownFileType = sourcecode.c.h; path = TestVC1.h; sourceTree = "<group>"; };
		04BC9AF31ED43067000A059A /* TestVC1.m */ = {isa = PBXFileReference; fileEncoding = 4; lastKnownFileType = sourcecode.c.objc; path = TestVC1.m; sourceTree = "<group>"; };
		04BC9AF41ED43067000A059A /* TestVC1.xib */ = {isa = PBXFileReference; fileEncoding = 4; lastKnownFileType = file.xib; path = TestVC1.xib; sourceTree = "<group>"; };
		04BC9AF71ED43079000A059A /* TestVC2.h */ = {isa = PBXFileReference; fileEncoding = 4; lastKnownFileType = sourcecode.c.h; path = TestVC2.h; sourceTree = "<group>"; };
		04BC9AF81ED43079000A059A /* TestVC2.m */ = {isa = PBXFileReference; fileEncoding = 4; lastKnownFileType = sourcecode.c.objc; path = TestVC2.m; sourceTree = "<group>"; };
		04BC9AF91ED43079000A059A /* TestVC2.xib */ = {isa = PBXFileReference; fileEncoding = 4; lastKnownFileType = file.xib; path = TestVC2.xib; sourceTree = "<group>"; };
		04BC9B011ED4336C000A059A /* LxDBAnything.h */ = {isa = PBXFileReference; fileEncoding = 4; lastKnownFileType = sourcecode.c.h; path = LxDBAnything.h; sourceTree = "<group>"; };
		04BC9B031ED458E7000A059A /* SMKCManger.h */ = {isa = PBXFileReference; fileEncoding = 4; lastKnownFileType = sourcecode.c.h; path = SMKCManger.h; sourceTree = "<group>"; };
		04BC9B041ED458E7000A059A /* SMKCManger.m */ = {isa = PBXFileReference; fileEncoding = 4; lastKnownFileType = sourcecode.c.objc; path = SMKCManger.m; sourceTree = "<group>"; };
		04BC9B061ED458E7000A059A /* SMKSingleton.h */ = {isa = PBXFileReference; fileEncoding = 4; lastKnownFileType = sourcecode.c.h; path = SMKSingleton.h; sourceTree = "<group>"; };
/* End PBXFileReference section */

/* Begin PBXFrameworksBuildPhase section */
		04BC9AD41ED43007000A059A /* Frameworks */ = {
			isa = PBXFrameworksBuildPhase;
			buildActionMask = 2147483647;
			files = (
			);
			runOnlyForDeploymentPostprocessing = 0;
		};
/* End PBXFrameworksBuildPhase section */

/* Begin PBXGroup section */
		04BC9ACE1ED43007000A059A = {
			isa = PBXGroup;
			children = (
				04BC9AD91ED43007000A059A /* SMKMVVMKitDemo */,
				04BC9AD81ED43007000A059A /* Products */,
			);
			sourceTree = "<group>";
		};
		04BC9AD81ED43007000A059A /* Products */ = {
			isa = PBXGroup;
			children = (
				04BC9AD71ED43007000A059A /* SMKMVVMKitDemo.app */,
			);
			name = Products;
			sourceTree = "<group>";
		};
		04BC9AD91ED43007000A059A /* SMKMVVMKitDemo */ = {
			isa = PBXGroup;
			children = (
				04BC9B021ED458E7000A059A /* SMKMVVMKit */,
				04BC9AF11ED4304B000A059A /* TestVC */,
				04BC9ADD1ED43007000A059A /* AppDelegate.h */,
				04BC9ADE1ED43007000A059A /* AppDelegate.m */,
				04BC9AE01ED43007000A059A /* ViewController.h */,
				04BC9AE11ED43007000A059A /* ViewController.m */,
				04BC9B011ED4336C000A059A /* LxDBAnything.h */,
				04BC9AE31ED43007000A059A /* Main.storyboard */,
				04BC9AE61ED43008000A059A /* Assets.xcassets */,
				04BC9AE81ED43008000A059A /* LaunchScreen.storyboard */,
				04BC9AEB1ED43008000A059A /* Info.plist */,
				04BC9ADA1ED43007000A059A /* Supporting Files */,
			);
			path = SMKMVVMKitDemo;
			sourceTree = "<group>";
		};
		04BC9ADA1ED43007000A059A /* Supporting Files */ = {
			isa = PBXGroup;
			children = (
				04BC9ADB1ED43007000A059A /* main.m */,
			);
			name = "Supporting Files";
			sourceTree = "<group>";
		};
		04BC9AF11ED4304B000A059A /* TestVC */ = {
			isa = PBXGroup;
			children = (
				04BC9AF21ED43067000A059A /* TestVC1.h */,
				04BC9AF31ED43067000A059A /* TestVC1.m */,
				04BC9AF41ED43067000A059A /* TestVC1.xib */,
				04BC9AF71ED43079000A059A /* TestVC2.h */,
				04BC9AF81ED43079000A059A /* TestVC2.m */,
				04BC9AF91ED43079000A059A /* TestVC2.xib */,
			);
			path = TestVC;
			sourceTree = "<group>";
		};
		04BC9B021ED458E7000A059A /* SMKMVVMKit */ = {
			isa = PBXGroup;
			children = (
				04BC9B031ED458E7000A059A /* SMKCManger.h */,
				04BC9B041ED458E7000A059A /* SMKCManger.m */,
				04BC9B061ED458E7000A059A /* SMKSingleton.h */,
				0479D9671ED5380B00C517A6 /* UIViewController+SMKControllerExtension.h */,
				0479D9681ED5380B00C517A6 /* UIViewController+SMKControllerExtension.m */,
			);
			path = SMKMVVMKit;
			sourceTree = "<group>";
		};
/* End PBXGroup section */

/* Begin PBXNativeTarget section */
		04BC9AD61ED43007000A059A /* SMKMVVMKitDemo */ = {
			isa = PBXNativeTarget;
			buildConfigurationList = 04BC9AEE1ED43008000A059A /* Build configuration list for PBXNativeTarget "SMKMVVMKitDemo" */;
			buildPhases = (
				04BC9AD31ED43007000A059A /* Sources */,
				04BC9AD41ED43007000A059A /* Frameworks */,
				04BC9AD51ED43007000A059A /* Resources */,
			);
			buildRules = (
			);
			dependencies = (
			);
			name = SMKMVVMKitDemo;
			productName = SMKMVVMKitDemo;
			productReference = 04BC9AD71ED43007000A059A /* SMKMVVMKitDemo.app */;
			productType = "com.apple.product-type.application";
		};
/* End PBXNativeTarget section */

/* Begin PBXProject section */
		04BC9ACF1ED43007000A059A /* Project object */ = {
			isa = PBXProject;
			attributes = {
				LastUpgradeCheck = 0810;
				ORGANIZATIONNAME = lovemo;
				TargetAttributes = {
					04BC9AD61ED43007000A059A = {
						CreatedOnToolsVersion = 8.1;
						ProvisioningStyle = Automatic;
					};
				};
			};
			buildConfigurationList = 04BC9AD21ED43007000A059A /* Build configuration list for PBXProject "SMKMVVMKitDemo" */;
			compatibilityVersion = "Xcode 3.2";
			developmentRegion = English;
			hasScannedForEncodings = 0;
			knownRegions = (
				en,
				Base,
			);
			mainGroup = 04BC9ACE1ED43007000A059A;
			productRefGroup = 04BC9AD81ED43007000A059A /* Products */;
			projectDirPath = "";
			projectRoot = "";
			targets = (
				04BC9AD61ED43007000A059A /* SMKMVVMKitDemo */,
			);
		};
/* End PBXProject section */

/* Begin PBXResourcesBuildPhase section */
		04BC9AD51ED43007000A059A /* Resources */ = {
			isa = PBXResourcesBuildPhase;
			buildActionMask = 2147483647;
			files = (
				04BC9AEA1ED43008000A059A /* LaunchScreen.storyboard in Resources */,
				04BC9AE71ED43008000A059A /* Assets.xcassets in Resources */,
				04BC9AFB1ED43079000A059A /* TestVC2.xib in Resources */,
				04BC9AF61ED43067000A059A /* TestVC1.xib in Resources */,
				04BC9AE51ED43007000A059A /* Main.storyboard in Resources */,
			);
			runOnlyForDeploymentPostprocessing = 0;
		};
/* End PBXResourcesBuildPhase section */

/* Begin PBXSourcesBuildPhase section */
		04BC9AD31ED43007000A059A /* Sources */ = {
			isa = PBXSourcesBuildPhase;
			buildActionMask = 2147483647;
			files = (
				0479D9691ED5380B00C517A6 /* UIViewController+SMKControllerExtension.m in Sources */,
				04BC9AFA1ED43079000A059A /* TestVC2.m in Sources */,
				04BC9AE21ED43007000A059A /* ViewController.m in Sources */,
				04BC9ADF1ED43007000A059A /* AppDelegate.m in Sources */,
				04BC9AF51ED43067000A059A /* TestVC1.m in Sources */,
				04BC9B071ED458E7000A059A /* SMKCManger.m in Sources */,
				04BC9ADC1ED43007000A059A /* main.m in Sources */,
			);
			runOnlyForDeploymentPostprocessing = 0;
		};
/* End PBXSourcesBuildPhase section */

/* Begin PBXVariantGroup section */
		04BC9AE31ED43007000A059A /* Main.storyboard */ = {
			isa = PBXVariantGroup;
			children = (
				04BC9AE41ED43007000A059A /* Base */,
			);
			name = Main.storyboard;
			sourceTree = "<group>";
		};
		04BC9AE81ED43008000A059A /* LaunchScreen.storyboard */ = {
			isa = PBXVariantGroup;
			children = (
				04BC9AE91ED43008000A059A /* Base */,
			);
			name = LaunchScreen.storyboard;
			sourceTree = "<group>";
		};
/* End PBXVariantGroup section */

/* Begin XCBuildConfiguration section */
		04BC9AEC1ED43008000A059A /* Debug */ = {
			isa = XCBuildConfiguration;
			buildSettings = {
				ALWAYS_SEARCH_USER_PATHS = NO;
				CLANG_ANALYZER_NONNULL = YES;
				CLANG_CXX_LANGUAGE_STANDARD = "gnu++0x";
				CLANG_CXX_LIBRARY = "libc++";
				CLANG_ENABLE_MODULES = YES;
				CLANG_ENABLE_OBJC_ARC = YES;
				CLANG_WARN_BOOL_CONVERSION = YES;
				CLANG_WARN_CONSTANT_CONVERSION = YES;
				CLANG_WARN_DIRECT_OBJC_ISA_USAGE = YES_ERROR;
				CLANG_WARN_DOCUMENTATION_COMMENTS = YES;
				CLANG_WARN_EMPTY_BODY = YES;
				CLANG_WARN_ENUM_CONVERSION = YES;
				CLANG_WARN_INFINITE_RECURSION = YES;
				CLANG_WARN_INT_CONVERSION = YES;
				CLANG_WARN_OBJC_ROOT_CLASS = YES_ERROR;
				CLANG_WARN_SUSPICIOUS_MOVES = YES;
				CLANG_WARN_UNREACHABLE_CODE = YES;
				CLANG_WARN__DUPLICATE_METHOD_MATCH = YES;
				"CODE_SIGN_IDENTITY[sdk=iphoneos*]" = "iPhone Developer";
				COPY_PHASE_STRIP = NO;
				DEBUG_INFORMATION_FORMAT = dwarf;
				ENABLE_STRICT_OBJC_MSGSEND = YES;
				ENABLE_TESTABILITY = YES;
				GCC_C_LANGUAGE_STANDARD = gnu99;
				GCC_DYNAMIC_NO_PIC = NO;
				GCC_NO_COMMON_BLOCKS = YES;
				GCC_OPTIMIZATION_LEVEL = 0;
				GCC_PREPROCESSOR_DEFINITIONS = (
					"DEBUG=1",
					"$(inherited)",
				);
				GCC_WARN_64_TO_32_BIT_CONVERSION = YES;
				GCC_WARN_ABOUT_RETURN_TYPE = YES_ERROR;
				GCC_WARN_UNDECLARED_SELECTOR = YES;
				GCC_WARN_UNINITIALIZED_AUTOS = YES_AGGRESSIVE;
				GCC_WARN_UNUSED_FUNCTION = YES;
				GCC_WARN_UNUSED_VARIABLE = YES;
				IPHONEOS_DEPLOYMENT_TARGET = 10.3;
				MTL_ENABLE_DEBUG_INFO = YES;
				ONLY_ACTIVE_ARCH = YES;
				SDKROOT = iphoneos;
				TARGETED_DEVICE_FAMILY = "1,2";
			};
			name = Debug;
		};
		04BC9AED1ED43008000A059A /* Release */ = {
			isa = XCBuildConfiguration;
			buildSettings = {
				ALWAYS_SEARCH_USER_PATHS = NO;
				CLANG_ANALYZER_NONNULL = YES;
				CLANG_CXX_LANGUAGE_STANDARD = "gnu++0x";
				CLANG_CXX_LIBRARY = "libc++";
				CLANG_ENABLE_MODULES = YES;
				CLANG_ENABLE_OBJC_ARC = YES;
				CLANG_WARN_BOOL_CONVERSION = YES;
				CLANG_WARN_CONSTANT_CONVERSION = YES;
				CLANG_WARN_DIRECT_OBJC_ISA_USAGE = YES_ERROR;
				CLANG_WARN_DOCUMENTATION_COMMENTS = YES;
				CLANG_WARN_EMPTY_BODY = YES;
				CLANG_WARN_ENUM_CONVERSION = YES;
				CLANG_WARN_INFINITE_RECURSION = YES;
				CLANG_WARN_INT_CONVERSION = YES;
				CLANG_WARN_OBJC_ROOT_CLASS = YES_ERROR;
				CLANG_WARN_SUSPICIOUS_MOVES = YES;
				CLANG_WARN_UNREACHABLE_CODE = YES;
				CLANG_WARN__DUPLICATE_METHOD_MATCH = YES;
				"CODE_SIGN_IDENTITY[sdk=iphoneos*]" = "iPhone Developer";
				COPY_PHASE_STRIP = NO;
				DEBUG_INFORMATION_FORMAT = "dwarf-with-dsym";
				ENABLE_NS_ASSERTIONS = NO;
				ENABLE_STRICT_OBJC_MSGSEND = YES;
				GCC_C_LANGUAGE_STANDARD = gnu99;
				GCC_NO_COMMON_BLOCKS = YES;
				GCC_WARN_64_TO_32_BIT_CONVERSION = YES;
				GCC_WARN_ABOUT_RETURN_TYPE = YES_ERROR;
				GCC_WARN_UNDECLARED_SELECTOR = YES;
				GCC_WARN_UNINITIALIZED_AUTOS = YES_AGGRESSIVE;
				GCC_WARN_UNUSED_FUNCTION = YES;
				GCC_WARN_UNUSED_VARIABLE = YES;
				IPHONEOS_DEPLOYMENT_TARGET = 10.3;
				MTL_ENABLE_DEBUG_INFO = NO;
				SDKROOT = iphoneos;
				TARGETED_DEVICE_FAMILY = "1,2";
				VALIDATE_PRODUCT = YES;
			};
			name = Release;
		};
		04BC9AEF1ED43008000A059A /* Debug */ = {
			isa = XCBuildConfiguration;
			buildSettings = {
				ASSETCATALOG_COMPILER_APPICON_NAME = AppIcon;
				INFOPLIST_FILE = SMKMVVMKitDemo/Info.plist;
				IPHONEOS_DEPLOYMENT_TARGET = 10.0;
				LD_RUNPATH_SEARCH_PATHS = "$(inherited) @executable_path/Frameworks";
				PRODUCT_BUNDLE_IDENTIFIER = com.lovemo.www.SMKMVVMKitDemo;
				PRODUCT_NAME = "$(TARGET_NAME)";
			};
			name = Debug;
		};
		04BC9AF01ED43008000A059A /* Release */ = {
			isa = XCBuildConfiguration;
			buildSettings = {
				ASSETCATALOG_COMPILER_APPICON_NAME = AppIcon;
				INFOPLIST_FILE = SMKMVVMKitDemo/Info.plist;
				IPHONEOS_DEPLOYMENT_TARGET = 10.0;
				LD_RUNPATH_SEARCH_PATHS = "$(inherited) @executable_path/Frameworks";
				PRODUCT_BUNDLE_IDENTIFIER = com.lovemo.www.SMKMVVMKitDemo;
				PRODUCT_NAME = "$(TARGET_NAME)";
			};
			name = Release;
		};
/* End XCBuildConfiguration section */

/* Begin XCConfigurationList section */
		04BC9AD21ED43007000A059A /* Build configuration list for PBXProject "SMKMVVMKitDemo" */ = {
			isa = XCConfigurationList;
			buildConfigurations = (
				04BC9AEC1ED43008000A059A /* Debug */,
				04BC9AED1ED43008000A059A /* Release */,
			);
			defaultConfigurationIsVisible = 0;
			defaultConfigurationName = Release;
		};
		04BC9AEE1ED43008000A059A /* Build configuration list for PBXNativeTarget "SMKMVVMKitDemo" */ = {
			isa = XCConfigurationList;
			buildConfigurations = (
				04BC9AEF1ED43008000A059A /* Debug */,
				04BC9AF01ED43008000A059A /* Release */,
			);
			defaultConfigurationIsVisible = 0;
			defaultConfigurationName = Release;
		};
/* End XCConfigurationList section */
	};
	rootObject = 04BC9ACF1ED43007000A059A /* Project object */;
}
